
Microsoft Visual Studio Solution File, Format Version 12.00
# Visual Studio Version 16
VisualStudioVersion = 16.0.29920.165
MinimumVisualStudioVersion = 10.0.40219.1
Project("{FAE04EC0-301F-11D3-BF4B-00C04F79EFBC}") = "laba linq 1", "laba linq 1\laba linq 1.csproj", "{EA64098F-C1ED-4EB6-84A1-00D0AFAF66F1}"
EndProject
Global
	GlobalSection(SolutionConfigurationPlatforms) = preSolution
		Debug|Any CPU = Debug|Any CPU
		Release|Any CPU = Release|Any CPU
	EndGlobalSection
	GlobalSection(ProjectConfigurationPlatforms) = postSolution
		{EA64098F-C1ED-4EB6-84A1-00D0AFAF66F1}.Debug|Any CPU.ActiveCfg = Debug|Any CPU
		{EA64098F-C1ED-4EB6-84A1-00D0AFAF66F1}.Debug|Any CPU.Build.0 = Debug|Any CPU
		{EA64098F-C1ED-4EB6-84A1-00D0AFAF66F1}.Release|Any CPU.ActiveCfg = Release|Any CPU
		{EA64098F-C1ED-4EB6-84A1-00D0AFAF66F1}.Release|Any CPU.Build.0 = Release|Any CPU
	EndGlobalSection
	GlobalSection(SolutionProperties) = preSolution
		HideSolutionNode = FALSE
	EndGlobalSection
	GlobalSection(ExtensibilityGlobals) = postSolution
		SolutionGuid = {5CF3D3C5-C96C-4C70-A204-674736D3245F}
	EndGlobalSection
EndGlobal
