
Microsoft Visual Studio Solution File, Format Version 12.00
# Visual Studio Version 16
VisualStudioVersion = 16.0.29613.14
MinimumVisualStudioVersion = 10.0.40219.1
Project("{FAE04EC0-301F-11D3-BF4B-00C04F79EFBC}") = "laba 5.1", "laba 5.1\laba 5.1.csproj", "{F6BFF8FD-F4D6-4BDF-B8DF-20D21DEA8358}"
EndProject
Project("{FAE04EC0-301F-11D3-BF4B-00C04F79EFBC}") = "timer", "timer\timer.csproj", "{E044024C-4227-436C-8E10-B787ADC0F53B}"
EndProject
Project("{FAE04EC0-301F-11D3-BF4B-00C04F79EFBC}") = "Budilnic", "Budilnic\Budilnic.csproj", "{7D3C1D68-C569-4DBD-A976-D70511DD3230}"
EndProject
Global
	GlobalSection(SolutionConfigurationPlatforms) = preSolution
		Debug|Any CPU = Debug|Any CPU
		Release|Any CPU = Release|Any CPU
	EndGlobalSection
	GlobalSection(ProjectConfigurationPlatforms) = postSolution
		{F6BFF8FD-F4D6-4BDF-B8DF-20D21DEA8358}.Debug|Any CPU.ActiveCfg = Debug|Any CPU
		{F6BFF8FD-F4D6-4BDF-B8DF-20D21DEA8358}.Debug|Any CPU.Build.0 = Debug|Any CPU
		{F6BFF8FD-F4D6-4BDF-B8DF-20D21DEA8358}.Release|Any CPU.ActiveCfg = Release|Any CPU
		{F6BFF8FD-F4D6-4BDF-B8DF-20D21DEA8358}.Release|Any CPU.Build.0 = Release|Any CPU
		{E044024C-4227-436C-8E10-B787ADC0F53B}.Debug|Any CPU.ActiveCfg = Debug|Any CPU
		{E044024C-4227-436C-8E10-B787ADC0F53B}.Debug|Any CPU.Build.0 = Debug|Any CPU
		{E044024C-4227-436C-8E10-B787ADC0F53B}.Release|Any CPU.ActiveCfg = Release|Any CPU
		{E044024C-4227-436C-8E10-B787ADC0F53B}.Release|Any CPU.Build.0 = Release|Any CPU
		{7D3C1D68-C569-4DBD-A976-D70511DD3230}.Debug|Any CPU.ActiveCfg = Debug|Any CPU
		{7D3C1D68-C569-4DBD-A976-D70511DD3230}.Debug|Any CPU.Build.0 = Debug|Any CPU
		{7D3C1D68-C569-4DBD-A976-D70511DD3230}.Release|Any CPU.ActiveCfg = Release|Any CPU
		{7D3C1D68-C569-4DBD-A976-D70511DD3230}.Release|Any CPU.Build.0 = Release|Any CPU
	EndGlobalSection
	GlobalSection(SolutionProperties) = preSolution
		HideSolutionNode = FALSE
	EndGlobalSection
	GlobalSection(ExtensibilityGlobals) = postSolution
		SolutionGuid = {3A170A25-149B-4F36-B52B-21BBA562F50B}
	EndGlobalSection
EndGlobal
